
Microsoft Visual Studio Solution File, Format Version 12.00
# Visual Studio 15
Project("{FAE04EC0-301F-11D3-BF4B-00C04F79EFBC}") = "WordChooser", "WordChooser\WordChooser.csproj", "{3586F8AE-EA5B-438E-A42C-97D1140BE9C7}"
EndProject
Project("{FAE04EC0-301F-11D3-BF4B-00C04F79EFBC}") = "TestHarness", "TestHarness\TestHarness.csproj", "{616F3B53-C949-4799-88F4-5E0D3948C4D6}"
EndProject
Project("{FAE04EC0-301F-11D3-BF4B-00C04F79EFBC}") = "PuzzleBoard", "PuzzleBoard\PuzzleBoard.csproj", "{9BC35BF1-1523-4511-A116-BC6024BC41DC}"
EndProject
Project("{FAE04EC0-301F-11D3-BF4B-00C04F79EFBC}") = "PuzzleStorage", "PuzzleStorage\PuzzleStorage.csproj", "{AA4C96D7-3AFD-48AA-B324-1946F5D7FF7E}"
EndProject
Project("{FAE04EC0-301F-11D3-BF4B-00C04F79EFBC}") = "WordFind.Android", "WordFind.Android\WordFind.Android.csproj", "{7B4FFBC4-6D2B-4FD2-823B-4C576F6036BA}"
EndProject
Project("{FAE04EC0-301F-11D3-BF4B-00C04F79EFBC}") = "WordFind.iOS", "WordFind.iOS\WordFind.iOS.csproj", "{116B21D9-AC06-4212-94D5-07DB7566DBE9}"
EndProject
Project("{FAE04EC0-301F-11D3-BF4B-00C04F79EFBC}") = "WordFind", "WordFind\WordFind.csproj", "{F532C4DF-F58E-4FA3-A3A2-9012979E3569}"
EndProject
Global
	GlobalSection(SolutionConfigurationPlatforms) = preSolution
		Debug|Any CPU = Debug|Any CPU
		Release|Any CPU = Release|Any CPU
		Debug|iPhoneSimulator = Debug|iPhoneSimulator
		Release|iPhoneSimulator = Release|iPhoneSimulator
		Debug|iPhone = Debug|iPhone
		Release|iPhone = Release|iPhone
	EndGlobalSection
	GlobalSection(ProjectConfigurationPlatforms) = postSolution
		{3586F8AE-EA5B-438E-A42C-97D1140BE9C7}.Debug|Any CPU.ActiveCfg = Debug|Any CPU
		{3586F8AE-EA5B-438E-A42C-97D1140BE9C7}.Debug|Any CPU.Build.0 = Debug|Any CPU
		{3586F8AE-EA5B-438E-A42C-97D1140BE9C7}.Release|Any CPU.ActiveCfg = Release|Any CPU
		{3586F8AE-EA5B-438E-A42C-97D1140BE9C7}.Release|Any CPU.Build.0 = Release|Any CPU
		{3586F8AE-EA5B-438E-A42C-97D1140BE9C7}.Debug|iPhoneSimulator.ActiveCfg = Debug|Any CPU
		{3586F8AE-EA5B-438E-A42C-97D1140BE9C7}.Debug|iPhoneSimulator.Build.0 = Debug|Any CPU
		{3586F8AE-EA5B-438E-A42C-97D1140BE9C7}.Release|iPhoneSimulator.ActiveCfg = Release|Any CPU
		{3586F8AE-EA5B-438E-A42C-97D1140BE9C7}.Release|iPhoneSimulator.Build.0 = Release|Any CPU
		{3586F8AE-EA5B-438E-A42C-97D1140BE9C7}.Debug|iPhone.ActiveCfg = Debug|Any CPU
		{3586F8AE-EA5B-438E-A42C-97D1140BE9C7}.Debug|iPhone.Build.0 = Debug|Any CPU
		{3586F8AE-EA5B-438E-A42C-97D1140BE9C7}.Release|iPhone.ActiveCfg = Release|Any CPU
		{3586F8AE-EA5B-438E-A42C-97D1140BE9C7}.Release|iPhone.Build.0 = Release|Any CPU
		{616F3B53-C949-4799-88F4-5E0D3948C4D6}.Debug|Any CPU.ActiveCfg = Debug|Any CPU
		{616F3B53-C949-4799-88F4-5E0D3948C4D6}.Debug|Any CPU.Build.0 = Debug|Any CPU
		{616F3B53-C949-4799-88F4-5E0D3948C4D6}.Release|Any CPU.ActiveCfg = Release|Any CPU
		{616F3B53-C949-4799-88F4-5E0D3948C4D6}.Release|Any CPU.Build.0 = Release|Any CPU
		{616F3B53-C949-4799-88F4-5E0D3948C4D6}.Debug|iPhoneSimulator.ActiveCfg = Debug|Any CPU
		{616F3B53-C949-4799-88F4-5E0D3948C4D6}.Debug|iPhoneSimulator.Build.0 = Debug|Any CPU
		{616F3B53-C949-4799-88F4-5E0D3948C4D6}.Release|iPhoneSimulator.ActiveCfg = Release|Any CPU
		{616F3B53-C949-4799-88F4-5E0D3948C4D6}.Release|iPhoneSimulator.Build.0 = Release|Any CPU
		{616F3B53-C949-4799-88F4-5E0D3948C4D6}.Debug|iPhone.ActiveCfg = Debug|Any CPU
		{616F3B53-C949-4799-88F4-5E0D3948C4D6}.Debug|iPhone.Build.0 = Debug|Any CPU
		{616F3B53-C949-4799-88F4-5E0D3948C4D6}.Release|iPhone.ActiveCfg = Release|Any CPU
		{616F3B53-C949-4799-88F4-5E0D3948C4D6}.Release|iPhone.Build.0 = Release|Any CPU
		{9BC35BF1-1523-4511-A116-BC6024BC41DC}.Debug|Any CPU.ActiveCfg = Debug|Any CPU
		{9BC35BF1-1523-4511-A116-BC6024BC41DC}.Debug|Any CPU.Build.0 = Debug|Any CPU
		{9BC35BF1-1523-4511-A116-BC6024BC41DC}.Release|Any CPU.ActiveCfg = Release|Any CPU
		{9BC35BF1-1523-4511-A116-BC6024BC41DC}.Release|Any CPU.Build.0 = Release|Any CPU
		{9BC35BF1-1523-4511-A116-BC6024BC41DC}.Debug|iPhoneSimulator.ActiveCfg = Debug|Any CPU
		{9BC35BF1-1523-4511-A116-BC6024BC41DC}.Debug|iPhoneSimulator.Build.0 = Debug|Any CPU
		{9BC35BF1-1523-4511-A116-BC6024BC41DC}.Release|iPhoneSimulator.ActiveCfg = Release|Any CPU
		{9BC35BF1-1523-4511-A116-BC6024BC41DC}.Release|iPhoneSimulator.Build.0 = Release|Any CPU
		{9BC35BF1-1523-4511-A116-BC6024BC41DC}.Debug|iPhone.ActiveCfg = Debug|Any CPU
		{9BC35BF1-1523-4511-A116-BC6024BC41DC}.Debug|iPhone.Build.0 = Debug|Any CPU
		{9BC35BF1-1523-4511-A116-BC6024BC41DC}.Release|iPhone.ActiveCfg = Release|Any CPU
		{9BC35BF1-1523-4511-A116-BC6024BC41DC}.Release|iPhone.Build.0 = Release|Any CPU
		{AA4C96D7-3AFD-48AA-B324-1946F5D7FF7E}.Debug|Any CPU.ActiveCfg = Debug|Any CPU
		{AA4C96D7-3AFD-48AA-B324-1946F5D7FF7E}.Debug|Any CPU.Build.0 = Debug|Any CPU
		{AA4C96D7-3AFD-48AA-B324-1946F5D7FF7E}.Release|Any CPU.ActiveCfg = Release|Any CPU
		{AA4C96D7-3AFD-48AA-B324-1946F5D7FF7E}.Release|Any CPU.Build.0 = Release|Any CPU
		{AA4C96D7-3AFD-48AA-B324-1946F5D7FF7E}.Debug|iPhoneSimulator.ActiveCfg = Debug|Any CPU
		{AA4C96D7-3AFD-48AA-B324-1946F5D7FF7E}.Debug|iPhoneSimulator.Build.0 = Debug|Any CPU
		{AA4C96D7-3AFD-48AA-B324-1946F5D7FF7E}.Release|iPhoneSimulator.ActiveCfg = Release|Any CPU
		{AA4C96D7-3AFD-48AA-B324-1946F5D7FF7E}.Release|iPhoneSimulator.Build.0 = Release|Any CPU
		{AA4C96D7-3AFD-48AA-B324-1946F5D7FF7E}.Debug|iPhone.ActiveCfg = Debug|Any CPU
		{AA4C96D7-3AFD-48AA-B324-1946F5D7FF7E}.Debug|iPhone.Build.0 = Debug|Any CPU
		{AA4C96D7-3AFD-48AA-B324-1946F5D7FF7E}.Release|iPhone.ActiveCfg = Release|Any CPU
		{AA4C96D7-3AFD-48AA-B324-1946F5D7FF7E}.Release|iPhone.Build.0 = Release|Any CPU
		{7B4FFBC4-6D2B-4FD2-823B-4C576F6036BA}.Debug|Any CPU.ActiveCfg = Debug|Any CPU
		{7B4FFBC4-6D2B-4FD2-823B-4C576F6036BA}.Debug|Any CPU.Build.0 = Debug|Any CPU
		{7B4FFBC4-6D2B-4FD2-823B-4C576F6036BA}.Release|Any CPU.ActiveCfg = Release|Any CPU
		{7B4FFBC4-6D2B-4FD2-823B-4C576F6036BA}.Release|Any CPU.Build.0 = Release|Any CPU
		{7B4FFBC4-6D2B-4FD2-823B-4C576F6036BA}.Debug|iPhoneSimulator.ActiveCfg = Debug|Any CPU
		{7B4FFBC4-6D2B-4FD2-823B-4C576F6036BA}.Debug|iPhoneSimulator.Build.0 = Debug|Any CPU
		{7B4FFBC4-6D2B-4FD2-823B-4C576F6036BA}.Release|iPhoneSimulator.ActiveCfg = Release|Any CPU
		{7B4FFBC4-6D2B-4FD2-823B-4C576F6036BA}.Release|iPhoneSimulator.Build.0 = Release|Any CPU
		{7B4FFBC4-6D2B-4FD2-823B-4C576F6036BA}.Debug|iPhone.ActiveCfg = Debug|Any CPU
		{7B4FFBC4-6D2B-4FD2-823B-4C576F6036BA}.Debug|iPhone.Build.0 = Debug|Any CPU
		{7B4FFBC4-6D2B-4FD2-823B-4C576F6036BA}.Release|iPhone.ActiveCfg = Release|Any CPU
		{7B4FFBC4-6D2B-4FD2-823B-4C576F6036BA}.Release|iPhone.Build.0 = Release|Any CPU
		{116B21D9-AC06-4212-94D5-07DB7566DBE9}.Debug|Any CPU.ActiveCfg = Debug|iPhoneSimulator
		{116B21D9-AC06-4212-94D5-07DB7566DBE9}.Debug|Any CPU.Build.0 = Debug|iPhoneSimulator
		{116B21D9-AC06-4212-94D5-07DB7566DBE9}.Release|Any CPU.ActiveCfg = Release|iPhoneSimulator
		{116B21D9-AC06-4212-94D5-07DB7566DBE9}.Release|Any CPU.Build.0 = Release|iPhoneSimulator
		{116B21D9-AC06-4212-94D5-07DB7566DBE9}.Debug|iPhoneSimulator.ActiveCfg = Debug|iPhoneSimulator
		{116B21D9-AC06-4212-94D5-07DB7566DBE9}.Debug|iPhoneSimulator.Build.0 = Debug|iPhoneSimulator
		{116B21D9-AC06-4212-94D5-07DB7566DBE9}.Release|iPhoneSimulator.ActiveCfg = Release|iPhoneSimulator
		{116B21D9-AC06-4212-94D5-07DB7566DBE9}.Release|iPhoneSimulator.Build.0 = Release|iPhoneSimulator
		{116B21D9-AC06-4212-94D5-07DB7566DBE9}.Debug|iPhone.ActiveCfg = Debug|iPhone
		{116B21D9-AC06-4212-94D5-07DB7566DBE9}.Debug|iPhone.Build.0 = Debug|iPhone
		{116B21D9-AC06-4212-94D5-07DB7566DBE9}.Release|iPhone.ActiveCfg = Release|iPhone
		{116B21D9-AC06-4212-94D5-07DB7566DBE9}.Release|iPhone.Build.0 = Release|iPhone
		{F532C4DF-F58E-4FA3-A3A2-9012979E3569}.Debug|Any CPU.ActiveCfg = Debug|Any CPU
		{F532C4DF-F58E-4FA3-A3A2-9012979E3569}.Debug|Any CPU.Build.0 = Debug|Any CPU
		{F532C4DF-F58E-4FA3-A3A2-9012979E3569}.Release|Any CPU.ActiveCfg = Release|Any CPU
		{F532C4DF-F58E-4FA3-A3A2-9012979E3569}.Release|Any CPU.Build.0 = Release|Any CPU
		{F532C4DF-F58E-4FA3-A3A2-9012979E3569}.Debug|iPhoneSimulator.ActiveCfg = Debug|Any CPU
		{F532C4DF-F58E-4FA3-A3A2-9012979E3569}.Debug|iPhoneSimulator.Build.0 = Debug|Any CPU
		{F532C4DF-F58E-4FA3-A3A2-9012979E3569}.Release|iPhoneSimulator.ActiveCfg = Release|Any CPU
		{F532C4DF-F58E-4FA3-A3A2-9012979E3569}.Release|iPhoneSimulator.Build.0 = Release|Any CPU
		{F532C4DF-F58E-4FA3-A3A2-9012979E3569}.Debug|iPhone.ActiveCfg = Debug|Any CPU
		{F532C4DF-F58E-4FA3-A3A2-9012979E3569}.Debug|iPhone.Build.0 = Debug|Any CPU
		{F532C4DF-F58E-4FA3-A3A2-9012979E3569}.Release|iPhone.ActiveCfg = Release|Any CPU
		{F532C4DF-F58E-4FA3-A3A2-9012979E3569}.Release|iPhone.Build.0 = Release|Any CPU
	EndGlobalSection
EndGlobal
