
Microsoft Visual Studio Solution File, Format Version 12.00
# Visual Studio 15
Project("{FAE04EC0-301F-11D3-BF4B-00C04F79EFBC}") = "WordChooser", "WordChooser\WordChooser.csproj", "{3586F8AE-EA5B-438E-A42C-97D1140BE9C7}"
EndProject
Project("{FAE04EC0-301F-11D3-BF4B-00C04F79EFBC}") = "TestHarness", "TestHarness\TestHarness.csproj", "{616F3B53-C949-4799-88F4-5E0D3948C4D6}"
EndProject
Project("{FAE04EC0-301F-11D3-BF4B-00C04F79EFBC}") = "PuzzleBoard", "PuzzleBoard\PuzzleBoard.csproj", "{9BC35BF1-1523-4511-A116-BC6024BC41DC}"
EndProject
Project("{FAE04EC0-301F-11D3-BF4B-00C04F79EFBC}") = "PuzzleStorage", "PuzzleStorage\PuzzleStorage.csproj", "{AA4C96D7-3AFD-48AA-B324-1946F5D7FF7E}"
EndProject
Project("{FAE04EC0-301F-11D3-BF4B-00C04F79EFBC}") = "PuzzleBoard.Domain", "PuzzleBoard.Domain\PuzzleBoard.Domain.csproj", "{397ACB1E-8C31-4076-BF49-C6D5007B77EC}"
EndProject
Global
	GlobalSection(SolutionConfigurationPlatforms) = preSolution
		Debug|Any CPU = Debug|Any CPU
		Release|Any CPU = Release|Any CPU
		Debug|iPhoneSimulator = Debug|iPhoneSimulator
		Release|iPhoneSimulator = Release|iPhoneSimulator
		Debug|iPhone = Debug|iPhone
		Release|iPhone = Release|iPhone
	EndGlobalSection
	GlobalSection(ProjectConfigurationPlatforms) = postSolution
		{3586F8AE-EA5B-438E-A42C-97D1140BE9C7}.Debug|Any CPU.ActiveCfg = Debug|Any CPU
		{3586F8AE-EA5B-438E-A42C-97D1140BE9C7}.Debug|Any CPU.Build.0 = Debug|Any CPU
		{3586F8AE-EA5B-438E-A42C-97D1140BE9C7}.Release|Any CPU.ActiveCfg = Release|Any CPU
		{3586F8AE-EA5B-438E-A42C-97D1140BE9C7}.Release|Any CPU.Build.0 = Release|Any CPU
		{3586F8AE-EA5B-438E-A42C-97D1140BE9C7}.Debug|iPhoneSimulator.ActiveCfg = Debug|Any CPU
		{3586F8AE-EA5B-438E-A42C-97D1140BE9C7}.Debug|iPhoneSimulator.Build.0 = Debug|Any CPU
		{3586F8AE-EA5B-438E-A42C-97D1140BE9C7}.Release|iPhoneSimulator.ActiveCfg = Release|Any CPU
		{3586F8AE-EA5B-438E-A42C-97D1140BE9C7}.Release|iPhoneSimulator.Build.0 = Release|Any CPU
		{3586F8AE-EA5B-438E-A42C-97D1140BE9C7}.Debug|iPhone.ActiveCfg = Debug|Any CPU
		{3586F8AE-EA5B-438E-A42C-97D1140BE9C7}.Debug|iPhone.Build.0 = Debug|Any CPU
		{3586F8AE-EA5B-438E-A42C-97D1140BE9C7}.Release|iPhone.ActiveCfg = Release|Any CPU
		{3586F8AE-EA5B-438E-A42C-97D1140BE9C7}.Release|iPhone.Build.0 = Release|Any CPU
		{616F3B53-C949-4799-88F4-5E0D3948C4D6}.Debug|Any CPU.ActiveCfg = Debug|Any CPU
		{616F3B53-C949-4799-88F4-5E0D3948C4D6}.Debug|Any CPU.Build.0 = Debug|Any CPU
		{616F3B53-C949-4799-88F4-5E0D3948C4D6}.Release|Any CPU.ActiveCfg = Release|Any CPU
		{616F3B53-C949-4799-88F4-5E0D3948C4D6}.Release|Any CPU.Build.0 = Release|Any CPU
		{616F3B53-C949-4799-88F4-5E0D3948C4D6}.Debug|iPhoneSimulator.ActiveCfg = Debug|Any CPU
		{616F3B53-C949-4799-88F4-5E0D3948C4D6}.Debug|iPhoneSimulator.Build.0 = Debug|Any CPU
		{616F3B53-C949-4799-88F4-5E0D3948C4D6}.Release|iPhoneSimulator.ActiveCfg = Release|Any CPU
		{616F3B53-C949-4799-88F4-5E0D3948C4D6}.Release|iPhoneSimulator.Build.0 = Release|Any CPU
		{616F3B53-C949-4799-88F4-5E0D3948C4D6}.Debug|iPhone.ActiveCfg = Debug|Any CPU
		{616F3B53-C949-4799-88F4-5E0D3948C4D6}.Debug|iPhone.Build.0 = Debug|Any CPU
		{616F3B53-C949-4799-88F4-5E0D3948C4D6}.Release|iPhone.ActiveCfg = Release|Any CPU
		{616F3B53-C949-4799-88F4-5E0D3948C4D6}.Release|iPhone.Build.0 = Release|Any CPU
		{9BC35BF1-1523-4511-A116-BC6024BC41DC}.Debug|Any CPU.ActiveCfg = Debug|Any CPU
		{9BC35BF1-1523-4511-A116-BC6024BC41DC}.Debug|Any CPU.Build.0 = Debug|Any CPU
		{9BC35BF1-1523-4511-A116-BC6024BC41DC}.Release|Any CPU.ActiveCfg = Release|Any CPU
		{9BC35BF1-1523-4511-A116-BC6024BC41DC}.Release|Any CPU.Build.0 = Release|Any CPU
		{9BC35BF1-1523-4511-A116-BC6024BC41DC}.Debug|iPhoneSimulator.ActiveCfg = Debug|Any CPU
		{9BC35BF1-1523-4511-A116-BC6024BC41DC}.Debug|iPhoneSimulator.Build.0 = Debug|Any CPU
		{9BC35BF1-1523-4511-A116-BC6024BC41DC}.Release|iPhoneSimulator.ActiveCfg = Release|Any CPU
		{9BC35BF1-1523-4511-A116-BC6024BC41DC}.Release|iPhoneSimulator.Build.0 = Release|Any CPU
		{9BC35BF1-1523-4511-A116-BC6024BC41DC}.Debug|iPhone.ActiveCfg = Debug|Any CPU
		{9BC35BF1-1523-4511-A116-BC6024BC41DC}.Debug|iPhone.Build.0 = Debug|Any CPU
		{9BC35BF1-1523-4511-A116-BC6024BC41DC}.Release|iPhone.ActiveCfg = Release|Any CPU
		{9BC35BF1-1523-4511-A116-BC6024BC41DC}.Release|iPhone.Build.0 = Release|Any CPU
		{AA4C96D7-3AFD-48AA-B324-1946F5D7FF7E}.Debug|Any CPU.ActiveCfg = Debug|Any CPU
		{AA4C96D7-3AFD-48AA-B324-1946F5D7FF7E}.Debug|Any CPU.Build.0 = Debug|Any CPU
		{AA4C96D7-3AFD-48AA-B324-1946F5D7FF7E}.Release|Any CPU.ActiveCfg = Release|Any CPU
		{AA4C96D7-3AFD-48AA-B324-1946F5D7FF7E}.Release|Any CPU.Build.0 = Release|Any CPU
		{AA4C96D7-3AFD-48AA-B324-1946F5D7FF7E}.Debug|iPhoneSimulator.ActiveCfg = Debug|Any CPU
		{AA4C96D7-3AFD-48AA-B324-1946F5D7FF7E}.Debug|iPhoneSimulator.Build.0 = Debug|Any CPU
		{AA4C96D7-3AFD-48AA-B324-1946F5D7FF7E}.Release|iPhoneSimulator.ActiveCfg = Release|Any CPU
		{AA4C96D7-3AFD-48AA-B324-1946F5D7FF7E}.Release|iPhoneSimulator.Build.0 = Release|Any CPU
		{AA4C96D7-3AFD-48AA-B324-1946F5D7FF7E}.Debug|iPhone.ActiveCfg = Debug|Any CPU
		{AA4C96D7-3AFD-48AA-B324-1946F5D7FF7E}.Debug|iPhone.Build.0 = Debug|Any CPU
		{AA4C96D7-3AFD-48AA-B324-1946F5D7FF7E}.Release|iPhone.ActiveCfg = Release|Any CPU
		{AA4C96D7-3AFD-48AA-B324-1946F5D7FF7E}.Release|iPhone.Build.0 = Release|Any CPU
		{397ACB1E-8C31-4076-BF49-C6D5007B77EC}.Debug|Any CPU.ActiveCfg = Debug|Any CPU
		{397ACB1E-8C31-4076-BF49-C6D5007B77EC}.Debug|Any CPU.Build.0 = Debug|Any CPU
		{397ACB1E-8C31-4076-BF49-C6D5007B77EC}.Release|Any CPU.ActiveCfg = Release|Any CPU
		{397ACB1E-8C31-4076-BF49-C6D5007B77EC}.Release|Any CPU.Build.0 = Release|Any CPU
		{397ACB1E-8C31-4076-BF49-C6D5007B77EC}.Debug|iPhoneSimulator.ActiveCfg = Debug|Any CPU
		{397ACB1E-8C31-4076-BF49-C6D5007B77EC}.Debug|iPhoneSimulator.Build.0 = Debug|Any CPU
		{397ACB1E-8C31-4076-BF49-C6D5007B77EC}.Release|iPhoneSimulator.ActiveCfg = Release|Any CPU
		{397ACB1E-8C31-4076-BF49-C6D5007B77EC}.Release|iPhoneSimulator.Build.0 = Release|Any CPU
		{397ACB1E-8C31-4076-BF49-C6D5007B77EC}.Debug|iPhone.ActiveCfg = Debug|Any CPU
		{397ACB1E-8C31-4076-BF49-C6D5007B77EC}.Debug|iPhone.Build.0 = Debug|Any CPU
		{397ACB1E-8C31-4076-BF49-C6D5007B77EC}.Release|iPhone.ActiveCfg = Release|Any CPU
		{397ACB1E-8C31-4076-BF49-C6D5007B77EC}.Release|iPhone.Build.0 = Release|Any CPU
	EndGlobalSection
EndGlobal
